// !$*UTF8*$!
{
	archiveVersion = 1;
	classes = {
	};
	objectVersion = 46;
	objects = {

/* Begin PBXBuildFile section */
		29CF5D621EE186BF00847135 /* main.m in Sources */ = {isa = PBXBuildFile; fileRef = 29CF5D611EE186BF00847135 /* main.m */; };
		29CF5D651EE186BF00847135 /* AppDelegate.m in Sources */ = {isa = PBXBuildFile; fileRef = 29CF5D641EE186BF00847135 /* AppDelegate.m */; };
		29CF5D681EE186BF00847135 /* ViewController.m in Sources */ = {isa = PBXBuildFile; fileRef = 29CF5D671EE186BF00847135 /* ViewController.m */; };
		29CF5D6B1EE186BF00847135 /* Main.storyboard in Resources */ = {isa = PBXBuildFile; fileRef = 29CF5D691EE186BF00847135 /* Main.storyboard */; };
		29CF5D6D1EE186BF00847135 /* Assets.xcassets in Resources */ = {isa = PBXBuildFile; fileRef = 29CF5D6C1EE186BF00847135 /* Assets.xcassets */; };
		29CF5D701EE186BF00847135 /* LaunchScreen.storyboard in Resources */ = {isa = PBXBuildFile; fileRef = 29CF5D6E1EE186BF00847135 /* LaunchScreen.storyboard */; };
/* End PBXBuildFile section */

/* Begin PBXFileReference section */
		29CF5D5D1EE186BF00847135 /* XYButton.app */ = {isa = PBXFileReference; explicitFileType = wrapper.application; includeInIndex = 0; path = XYButton.app; sourceTree = BUILT_PRODUCTS_DIR; };
		29CF5D611EE186BF00847135 /* main.m */ = {isa = PBXFileReference; lastKnownFileType = sourcecode.c.objc; path = main.m; sourceTree = "<group>"; };
		29CF5D631EE186BF00847135 /* AppDelegate.h */ = {isa = PBXFileReference; lastKnownFileType = sourcecode.c.h; path = AppDelegate.h; sourceTree = "<group>"; };
		29CF5D641EE186BF00847135 /* AppDelegate.m */ = {isa = PBXFileReference; lastKnownFileType = sourcecode.c.objc; path = AppDelegate.m; sourceTree = "<group>"; };
		29CF5D661EE186BF00847135 /* ViewController.h */ = {isa = PBXFileReference; lastKnownFileType = sourcecode.c.h; path = ViewController.h; sourceTree = "<group>"; };
		29CF5D671EE186BF00847135 /* ViewController.m */ = {isa = PBXFileReference; lastKnownFileType = sourcecode.c.objc; path = ViewController.m; sourceTree = "<group>"; };
		29CF5D6A1EE186BF00847135 /* Base */ = {isa = PBXFileReference; lastKnownFileType = file.storyboard; name = Base; path = Base.lproj/Main.storyboard; sourceTree = "<group>"; };
		29CF5D6C1EE186BF00847135 /* Assets.xcassets */ = {isa = PBXFileReference; lastKnownFileType = folder.assetcatalog; path = Assets.xcassets; sourceTree = "<group>"; };
		29CF5D6F1EE186BF00847135 /* Base */ = {isa = PBXFileReference; lastKnownFileType = file.storyboard; name = Base; path = Base.lproj/LaunchScreen.storyboard; sourceTree = "<group>"; };
		29CF5D711EE186BF00847135 /* Info.plist */ = {isa = PBXFileReference; lastKnownFileType = text.plist.xml; path = Info.plist; sourceTree = "<group>"; };
/* End PBXFileReference section */

/* Begin PBXFrameworksBuildPhase section */
		29CF5D5A1EE186BF00847135 /* Frameworks */ = {
			isa = PBXFrameworksBuildPhase;
			buildActionMask = 2147483647;
			files = (
			);
			runOnlyForDeploymentPostprocessing = 0;
		};
/* End PBXFrameworksBuildPhase section */

/* Begin PBXGroup section */
		29CF5D541EE186BF00847135 = {
			isa = PBXGroup;
			children = (
				29CF5D5F1EE186BF00847135 /* XYButton */,
				29CF5D5E1EE186BF00847135 /* Products */,
			);
			sourceTree = "<group>";
		};
		29CF5D5E1EE186BF00847135 /* Products */ = {
			isa = PBXGroup;
			children = (
				29CF5D5D1EE186BF00847135 /* XYButton.app */,
			);
			name = Products;
			sourceTree = "<group>";
		};
		29CF5D5F1EE186BF00847135 /* XYButton */ = {
			isa = PBXGroup;
			children = (
				29CF5D631EE186BF00847135 /* AppDelegate.h */,
				29CF5D641EE186BF00847135 /* AppDelegate.m */,
				29CF5D661EE186BF00847135 /* ViewController.h */,
				29CF5D671EE186BF00847135 /* ViewController.m */,
				29CF5D691EE186BF00847135 /* Main.storyboard */,
				29CF5D6C1EE186BF00847135 /* Assets.xcassets */,
				29CF5D6E1EE186BF00847135 /* LaunchScreen.storyboard */,
				29CF5D711EE186BF00847135 /* Info.plist */,
				29CF5D601EE186BF00847135 /* Supporting Files */,
			);
			path = XYButton;
			sourceTree = "<group>";
		};
		29CF5D601EE186BF00847135 /* Supporting Files */ = {
			isa = PBXGroup;
			children = (
				29CF5D611EE186BF00847135 /* main.m */,
			);
			name = "Supporting Files";
			sourceTree = "<group>";
		};
/* End PBXGroup section */

/* Begin PBXNativeTarget section */
		29CF5D5C1EE186BF00847135 /* XYButton */ = {
			isa = PBXNativeTarget;
			buildConfigurationList = 29CF5D741EE186BF00847135 /* Build configuration list for PBXNativeTarget "XYButton" */;
			buildPhases = (
				29CF5D591EE186BF00847135 /* Sources */,
				29CF5D5A1EE186BF00847135 /* Frameworks */,
				29CF5D5B1EE186BF00847135 /* Resources */,
			);
			buildRules = (
			);
			dependencies = (
			);
			name = XYButton;
			productName = XYButton;
			productReference = 29CF5D5D1EE186BF00847135 /* XYButton.app */;
			productType = "com.apple.product-type.application";
		};
/* End PBXNativeTarget section */

/* Begin PBXProject section */
		29CF5D551EE186BF00847135 /* Project object */ = {
			isa = PBXProject;
			attributes = {
				LastUpgradeCheck = 0830;
				ORGANIZATIONNAME = "徐阳";
				TargetAttributes = {
					29CF5D5C1EE186BF00847135 = {
						CreatedOnToolsVersion = 8.3.2;
						DevelopmentTeam = LLNHUK4DDQ;
						ProvisioningStyle = Automatic;
					};
				};
			};
			buildConfigurationList = 29CF5D581EE186BF00847135 /* Build configuration list for PBXProject "XYButton" */;
			compatibilityVersion = "Xcode 3.2";
			developmentRegion = English;
			hasScannedForEncodings = 0;
			knownRegions = (
				en,
				Base,
			);
			mainGroup = 29CF5D541EE186BF00847135;
			productRefGroup = 29CF5D5E1EE186BF00847135 /* Products */;
			projectDirPath = "";
			projectRoot = "";
			targets = (
				29CF5D5C1EE186BF00847135 /* XYButton */,
			);
		};
/* End PBXProject section */

/* Begin PBXResourcesBuildPhase section */
		29CF5D5B1EE186BF00847135 /* Resources */ = {
			isa = PBXResourcesBuildPhase;
			buildActionMask = 2147483647;
			files = (
				29CF5D701EE186BF00847135 /* LaunchScreen.storyboard in Resources */,
				29CF5D6D1EE186BF00847135 /* Assets.xcassets in Resources */,
				29CF5D6B1EE186BF00847135 /* Main.storyboard in Resources */,
			);
			runOnlyForDeploymentPostprocessing = 0;
		};
/* End PBXResourcesBuildPhase section */

/* Begin PBXSourcesBuildPhase section */
		29CF5D591EE186BF00847135 /* Sources */ = {
			isa = PBXSourcesBuildPhase;
			buildActionMask = 2147483647;
			files = (
				29CF5D681EE186BF00847135 /* ViewController.m in Sources */,
				29CF5D651EE186BF00847135 /* AppDelegate.m in Sources */,
				29CF5D621EE186BF00847135 /* main.m in Sources */,
			);
			runOnlyForDeploymentPostprocessing = 0;
		};
/* End PBXSourcesBuildPhase section */

/* Begin PBXVariantGroup section */
		29CF5D691EE186BF00847135 /* Main.storyboard */ = {
			isa = PBXVariantGroup;
			children = (
				29CF5D6A1EE186BF00847135 /* Base */,
			);
			name = Main.storyboard;
			sourceTree = "<group>";
		};
		29CF5D6E1EE186BF00847135 /* LaunchScreen.storyboard */ = {
			isa = PBXVariantGroup;
			children = (
				29CF5D6F1EE186BF00847135 /* Base */,
			);
			name = LaunchScreen.storyboard;
			sourceTree = "<group>";
		};
/* End PBXVariantGroup section */

/* Begin XCBuildConfiguration section */
		29CF5D721EE186BF00847135 /* Debug */ = {
			isa = XCBuildConfiguration;
			buildSettings = {
				ALWAYS_SEARCH_USER_PATHS = NO;
				CLANG_ANALYZER_NONNULL = YES;
				CLANG_ANALYZER_NUMBER_OBJECT_CONVERSION = YES_AGGRESSIVE;
				CLANG_CXX_LANGUAGE_STANDARD = "gnu++0x";
				CLANG_CXX_LIBRARY = "libc++";
				CLANG_ENABLE_MODULES = YES;
				CLANG_ENABLE_OBJC_ARC = YES;
				CLANG_WARN_BOOL_CONVERSION = YES;
				CLANG_WARN_CONSTANT_CONVERSION = YES;
				CLANG_WARN_DIRECT_OBJC_ISA_USAGE = YES_ERROR;
				CLANG_WARN_DOCUMENTATION_COMMENTS = YES;
				CLANG_WARN_EMPTY_BODY = YES;
				CLANG_WARN_ENUM_CONVERSION = YES;
				CLANG_WARN_INFINITE_RECURSION = YES;
				CLANG_WARN_INT_CONVERSION = YES;
				CLANG_WARN_OBJC_ROOT_CLASS = YES_ERROR;
				CLANG_WARN_SUSPICIOUS_MOVE = YES;
				CLANG_WARN_UNREACHABLE_CODE = YES;
				CLANG_WARN__DUPLICATE_METHOD_MATCH = YES;
				"CODE_SIGN_IDENTITY[sdk=iphoneos*]" = "iPhone Developer";
				COPY_PHASE_STRIP = NO;
				DEBUG_INFORMATION_FORMAT = dwarf;
				ENABLE_STRICT_OBJC_MSGSEND = YES;
				ENABLE_TESTABILITY = YES;
				GCC_C_LANGUAGE_STANDARD = gnu99;
				GCC_DYNAMIC_NO_PIC = NO;
				GCC_NO_COMMON_BLOCKS = YES;
				GCC_OPTIMIZATION_LEVEL = 0;
				GCC_PREPROCESSOR_DEFINITIONS = (
					"DEBUG=1",
					"$(inherited)",
				);
				GCC_WARN_64_TO_32_BIT_CONVERSION = YES;
				GCC_WARN_ABOUT_RETURN_TYPE = YES_ERROR;
				GCC_WARN_UNDECLARED_SELECTOR = YES;
				GCC_WARN_UNINITIALIZED_AUTOS = YES_AGGRESSIVE;
				GCC_WARN_UNUSED_FUNCTION = YES;
				GCC_WARN_UNUSED_VARIABLE = YES;
				IPHONEOS_DEPLOYMENT_TARGET = 10.3;
				MTL_ENABLE_DEBUG_INFO = YES;
				ONLY_ACTIVE_ARCH = YES;
				SDKROOT = iphoneos;
				TARGETED_DEVICE_FAMILY = "1,2";
			};
			name = Debug;
		};
		29CF5D731EE186BF00847135 /* Release */ = {
			isa = XCBuildConfiguration;
			buildSettings = {
				ALWAYS_SEARCH_USER_PATHS = NO;
				CLANG_ANALYZER_NONNULL = YES;
				CLANG_ANALYZER_NUMBER_OBJECT_CONVERSION = YES_AGGRESSIVE;
				CLANG_CXX_LANGUAGE_STANDARD = "gnu++0x";
				CLANG_CXX_LIBRARY = "libc++";
				CLANG_ENABLE_MODULES = YES;
				CLANG_ENABLE_OBJC_ARC = YES;
				CLANG_WARN_BOOL_CONVERSION = YES;
				CLANG_WARN_CONSTANT_CONVERSION = YES;
				CLANG_WARN_DIRECT_OBJC_ISA_USAGE = YES_ERROR;
				CLANG_WARN_DOCUMENTATION_COMMENTS = YES;
				CLANG_WARN_EMPTY_BODY = YES;
				CLANG_WARN_ENUM_CONVERSION = YES;
				CLANG_WARN_INFINITE_RECURSION = YES;
				CLANG_WARN_INT_CONVERSION = YES;
				CLANG_WARN_OBJC_ROOT_CLASS = YES_ERROR;
				CLANG_WARN_SUSPICIOUS_MOVE = YES;
				CLANG_WARN_UNREACHABLE_CODE = YES;
				CLANG_WARN__DUPLICATE_METHOD_MATCH = YES;
				"CODE_SIGN_IDENTITY[sdk=iphoneos*]" = "iPhone Developer";
				COPY_PHASE_STRIP = NO;
				DEBUG_INFORMATION_FORMAT = "dwarf-with-dsym";
				ENABLE_NS_ASSERTIONS = NO;
				ENABLE_STRICT_OBJC_MSGSEND = YES;
				GCC_C_LANGUAGE_STANDARD = gnu99;
				GCC_NO_COMMON_BLOCKS = YES;
				GCC_WARN_64_TO_32_BIT_CONVERSION = YES;
				GCC_WARN_ABOUT_RETURN_TYPE = YES_ERROR;
				GCC_WARN_UNDECLARED_SELECTOR = YES;
				GCC_WARN_UNINITIALIZED_AUTOS = YES_AGGRESSIVE;
				GCC_WARN_UNUSED_FUNCTION = YES;
				GCC_WARN_UNUSED_VARIABLE = YES;
				IPHONEOS_DEPLOYMENT_TARGET = 10.3;
				MTL_ENABLE_DEBUG_INFO = NO;
				SDKROOT = iphoneos;
				TARGETED_DEVICE_FAMILY = "1,2";
				VALIDATE_PRODUCT = YES;
			};
			name = Release;
		};
		29CF5D751EE186BF00847135 /* Debug */ = {
			isa = XCBuildConfiguration;
			buildSettings = {
				ASSETCATALOG_COMPILER_APPICON_NAME = AppIcon;
				DEVELOPMENT_TEAM = LLNHUK4DDQ;
				INFOPLIST_FILE = XYButton/Info.plist;
				LD_RUNPATH_SEARCH_PATHS = "$(inherited) @executable_path/Frameworks";
				PRODUCT_BUNDLE_IDENTIFIER = com.XYButton;
				PRODUCT_NAME = "$(TARGET_NAME)";
			};
			name = Debug;
		};
		29CF5D761EE186BF00847135 /* Release */ = {
			isa = XCBuildConfiguration;
			buildSettings = {
				ASSETCATALOG_COMPILER_APPICON_NAME = AppIcon;
				DEVELOPMENT_TEAM = LLNHUK4DDQ;
				INFOPLIST_FILE = XYButton/Info.plist;
				LD_RUNPATH_SEARCH_PATHS = "$(inherited) @executable_path/Frameworks";
				PRODUCT_BUNDLE_IDENTIFIER = com.XYButton;
				PRODUCT_NAME = "$(TARGET_NAME)";
			};
			name = Release;
		};
/* End XCBuildConfiguration section */

/* Begin XCConfigurationList section */
		29CF5D581EE186BF00847135 /* Build configuration list for PBXProject "XYButton" */ = {
			isa = XCConfigurationList;
			buildConfigurations = (
				29CF5D721EE186BF00847135 /* Debug */,
				29CF5D731EE186BF00847135 /* Release */,
			);
			defaultConfigurationIsVisible = 0;
			defaultConfigurationName = Release;
		};
		29CF5D741EE186BF00847135 /* Build configuration list for PBXNativeTarget "XYButton" */ = {
			isa = XCConfigurationList;
			buildConfigurations = (
				29CF5D751EE186BF00847135 /* Debug */,
				29CF5D761EE186BF00847135 /* Release */,
			);
			defaultConfigurationIsVisible = 0;
		};
/* End XCConfigurationList section */
	};
	rootObject = 29CF5D551EE186BF00847135 /* Project object */;
}
